// !$*UTF8*$!
{
	archiveVersion = 1;
	classes = {
	};
	objectVersion = 46;
	objects = {

/* Begin PBXBuildFile section */
		FC3BBCBE1BED13BC00DD6A44 /* AppDelegate.swift in Sources */ = {isa = PBXBuildFile; fileRef = FC3BBCBD1BED13BC00DD6A44 /* AppDelegate.swift */; };
		FC3BBCC01BED13BC00DD6A44 /* ViewController.swift in Sources */ = {isa = PBXBuildFile; fileRef = FC3BBCBF1BED13BC00DD6A44 /* ViewController.swift */; };
		FC3BBCC31BED13BC00DD6A44 /* Main.storyboard in Resources */ = {isa = PBXBuildFile; fileRef = FC3BBCC11BED13BC00DD6A44 /* Main.storyboard */; };
		FC3BBCC51BED13BC00DD6A44 /* Assets.xcassets in Resources */ = {isa = PBXBuildFile; fileRef = FC3BBCC41BED13BC00DD6A44 /* Assets.xcassets */; };
		FC3BBCC81BED13BC00DD6A44 /* LaunchScreen.storyboard in Resources */ = {isa = PBXBuildFile; fileRef = FC3BBCC61BED13BC00DD6A44 /* LaunchScreen.storyboard */; };
		FC743DB61BED4280001B9F0D /* Minecraft.ttf in Resources */ = {isa = PBXBuildFile; fileRef = FC743DB51BED4280001B9F0D /* Minecraft.ttf */; };
		FC743DB81BED4B10001B9F0D /* btn.wav in Resources */ = {isa = PBXBuildFile; fileRef = FC743DB71BED4B10001B9F0D /* btn.wav */; };
/* End PBXBuildFile section */

/* Begin PBXFileReference section */
		FC3BBCBA1BED13BC00DD6A44 /* retro-space-calculator.app */ = {isa = PBXFileReference; explicitFileType = wrapper.application; includeInIndex = 0; path = "retro-space-calculator.app"; sourceTree = BUILT_PRODUCTS_DIR; };
		FC3BBCBD1BED13BC00DD6A44 /* AppDelegate.swift */ = {isa = PBXFileReference; lastKnownFileType = sourcecode.swift; path = AppDelegate.swift; sourceTree = "<group>"; };
		FC3BBCBF1BED13BC00DD6A44 /* ViewController.swift */ = {isa = PBXFileReference; lastKnownFileType = sourcecode.swift; path = ViewController.swift; sourceTree = "<group>"; };
		FC3BBCC21BED13BC00DD6A44 /* Base */ = {isa = PBXFileReference; lastKnownFileType = file.storyboard; name = Base; path = Base.lproj/Main.storyboard; sourceTree = "<group>"; };
		FC3BBCC41BED13BC00DD6A44 /* Assets.xcassets */ = {isa = PBXFileReference; lastKnownFileType = folder.assetcatalog; path = Assets.xcassets; sourceTree = "<group>"; };
		FC3BBCC71BED13BC00DD6A44 /* Base */ = {isa = PBXFileReference; lastKnownFileType = file.storyboard; name = Base; path = Base.lproj/LaunchScreen.storyboard; sourceTree = "<group>"; };
		FC3BBCC91BED13BC00DD6A44 /* Info.plist */ = {isa = PBXFileReference; lastKnownFileType = text.plist.xml; path = Info.plist; sourceTree = "<group>"; };
		FC743DB51BED4280001B9F0D /* Minecraft.ttf */ = {isa = PBXFileReference; lastKnownFileType = file; path = Minecraft.ttf; sourceTree = "<group>"; };
		FC743DB71BED4B10001B9F0D /* btn.wav */ = {isa = PBXFileReference; lastKnownFileType = audio.wav; path = btn.wav; sourceTree = "<group>"; };
/* End PBXFileReference section */

/* Begin PBXFrameworksBuildPhase section */
		FC3BBCB71BED13BC00DD6A44 /* Frameworks */ = {
			isa = PBXFrameworksBuildPhase;
			buildActionMask = 2147483647;
			files = (
			);
			runOnlyForDeploymentPostprocessing = 0;
		};
/* End PBXFrameworksBuildPhase section */

/* Begin PBXGroup section */
		FC3BBCB11BED13BC00DD6A44 = {
			isa = PBXGroup;
			children = (
				FC3BBCBC1BED13BC00DD6A44 /* retro-space-calculator */,
				FC3BBCBB1BED13BC00DD6A44 /* Products */,
			);
			sourceTree = "<group>";
		};
		FC3BBCBB1BED13BC00DD6A44 /* Products */ = {
			isa = PBXGroup;
			children = (
				FC3BBCBA1BED13BC00DD6A44 /* retro-space-calculator.app */,
			);
			name = Products;
			sourceTree = "<group>";
		};
		FC3BBCBC1BED13BC00DD6A44 /* retro-space-calculator */ = {
			isa = PBXGroup;
			children = (
				FC743DB51BED4280001B9F0D /* Minecraft.ttf */,
				FC743DB71BED4B10001B9F0D /* btn.wav */,
				FC3BBCBD1BED13BC00DD6A44 /* AppDelegate.swift */,
				FC3BBCBF1BED13BC00DD6A44 /* ViewController.swift */,
				FC3BBCC11BED13BC00DD6A44 /* Main.storyboard */,
				FC3BBCC41BED13BC00DD6A44 /* Assets.xcassets */,
				FC3BBCC61BED13BC00DD6A44 /* LaunchScreen.storyboard */,
				FC3BBCC91BED13BC00DD6A44 /* Info.plist */,
			);
			path = "retro-space-calculator";
			sourceTree = "<group>";
		};
/* End PBXGroup section */

/* Begin PBXNativeTarget section */
		FC3BBCB91BED13BC00DD6A44 /* retro-space-calculator */ = {
			isa = PBXNativeTarget;
			buildConfigurationList = FC3BBCCC1BED13BC00DD6A44 /* Build configuration list for PBXNativeTarget "retro-space-calculator" */;
			buildPhases = (
				FC3BBCB61BED13BC00DD6A44 /* Sources */,
				FC3BBCB71BED13BC00DD6A44 /* Frameworks */,
				FC3BBCB81BED13BC00DD6A44 /* Resources */,
			);
			buildRules = (
			);
			dependencies = (
			);
			name = "retro-space-calculator";
			productName = "retro-space-calculator";
			productReference = FC3BBCBA1BED13BC00DD6A44 /* retro-space-calculator.app */;
			productType = "com.apple.product-type.application";
		};
/* End PBXNativeTarget section */

/* Begin PBXProject section */
		FC3BBCB21BED13BC00DD6A44 /* Project object */ = {
			isa = PBXProject;
			attributes = {
				LastSwiftUpdateCheck = 0710;
				LastUpgradeCheck = 0710;
				ORGANIZATIONNAME = "Kevin Gilboy";
				TargetAttributes = {
					FC3BBCB91BED13BC00DD6A44 = {
						CreatedOnToolsVersion = 7.1;
					};
				};
			};
			buildConfigurationList = FC3BBCB51BED13BC00DD6A44 /* Build configuration list for PBXProject "retro-space-calculator" */;
			compatibilityVersion = "Xcode 3.2";
			developmentRegion = English;
			hasScannedForEncodings = 0;
			knownRegions = (
				en,
				Base,
			);
			mainGroup = FC3BBCB11BED13BC00DD6A44;
			productRefGroup = FC3BBCBB1BED13BC00DD6A44 /* Products */;
			projectDirPath = "";
			projectRoot = "";
			targets = (
				FC3BBCB91BED13BC00DD6A44 /* retro-space-calculator */,
			);
		};
/* End PBXProject section */

/* Begin PBXResourcesBuildPhase section */
		FC3BBCB81BED13BC00DD6A44 /* Resources */ = {
			isa = PBXResourcesBuildPhase;
			buildActionMask = 2147483647;
			files = (
				FC743DB81BED4B10001B9F0D /* btn.wav in Resources */,
				FC3BBCC81BED13BC00DD6A44 /* LaunchScreen.storyboard in Resources */,
				FC3BBCC51BED13BC00DD6A44 /* Assets.xcassets in Resources */,
				FC743DB61BED4280001B9F0D /* Minecraft.ttf in Resources */,
				FC3BBCC31BED13BC00DD6A44 /* Main.storyboard in Resources */,
			);
			runOnlyForDeploymentPostprocessing = 0;
		};
/* End PBXResourcesBuildPhase section */

/* Begin PBXSourcesBuildPhase section */
		FC3BBCB61BED13BC00DD6A44 /* Sources */ = {
			isa = PBXSourcesBuildPhase;
			buildActionMask = 2147483647;
			files = (
				FC3BBCC01BED13BC00DD6A44 /* ViewController.swift in Sources */,
				FC3BBCBE1BED13BC00DD6A44 /* AppDelegate.swift in Sources */,
			);
			runOnlyForDeploymentPostprocessing = 0;
		};
/* End PBXSourcesBuildPhase section */

/* Begin PBXVariantGroup section */
		FC3BBCC11BED13BC00DD6A44 /* Main.storyboard */ = {
			isa = PBXVariantGroup;
			children = (
				FC3BBCC21BED13BC00DD6A44 /* Base */,
			);
			name = Main.storyboard;
			sourceTree = "<group>";
		};
		FC3BBCC61BED13BC00DD6A44 /* LaunchScreen.storyboard */ = {
			isa = PBXVariantGroup;
			children = (
				FC3BBCC71BED13BC00DD6A44 /* Base */,
			);
			name = LaunchScreen.storyboard;
			sourceTree = "<group>";
		};
/* End PBXVariantGroup section */

/* Begin XCBuildConfiguration section */
		FC3BBCCA1BED13BC00DD6A44 /* Debug */ = {
			isa = XCBuildConfiguration;
			buildSettings = {
				ALWAYS_SEARCH_USER_PATHS = NO;
				CLANG_CXX_LANGUAGE_STANDARD = "gnu++0x";
				CLANG_CXX_LIBRARY = "libc++";
				CLANG_ENABLE_MODULES = YES;
				CLANG_ENABLE_OBJC_ARC = YES;
				CLANG_WARN_BOOL_CONVERSION = YES;
				CLANG_WARN_CONSTANT_CONVERSION = YES;
				CLANG_WARN_DIRECT_OBJC_ISA_USAGE = YES_ERROR;
				CLANG_WARN_EMPTY_BODY = YES;
				CLANG_WARN_ENUM_CONVERSION = YES;
				CLANG_WARN_INT_CONVERSION = YES;
				CLANG_WARN_OBJC_ROOT_CLASS = YES_ERROR;
				CLANG_WARN_UNREACHABLE_CODE = YES;
				CLANG_WARN__DUPLICATE_METHOD_MATCH = YES;
				"CODE_SIGN_IDENTITY[sdk=iphoneos*]" = "iPhone Developer";
				COPY_PHASE_STRIP = NO;
				DEBUG_INFORMATION_FORMAT = dwarf;
				ENABLE_STRICT_OBJC_MSGSEND = YES;
				ENABLE_TESTABILITY = YES;
				GCC_C_LANGUAGE_STANDARD = gnu99;
				GCC_DYNAMIC_NO_PIC = NO;
				GCC_NO_COMMON_BLOCKS = YES;
				GCC_OPTIMIZATION_LEVEL = 0;
				GCC_PREPROCESSOR_DEFINITIONS = (
					"DEBUG=1",
					"$(inherited)",
				);
				GCC_WARN_64_TO_32_BIT_CONVERSION = YES;
				GCC_WARN_ABOUT_RETURN_TYPE = YES_ERROR;
				GCC_WARN_UNDECLARED_SELECTOR = YES;
				GCC_WARN_UNINITIALIZED_AUTOS = YES_AGGRESSIVE;
				GCC_WARN_UNUSED_FUNCTION = YES;
				GCC_WARN_UNUSED_VARIABLE = YES;
				IPHONEOS_DEPLOYMENT_TARGET = 9.1;
				MTL_ENABLE_DEBUG_INFO = YES;
				ONLY_ACTIVE_ARCH = YES;
				SDKROOT = iphoneos;
				SWIFT_OPTIMIZATION_LEVEL = "-Onone";
			};
			name = Debug;
		};
		FC3BBCCB1BED13BC00DD6A44 /* Release */ = {
			isa = XCBuildConfiguration;
			buildSettings = {
				ALWAYS_SEARCH_USER_PATHS = NO;
				CLANG_CXX_LANGUAGE_STANDARD = "gnu++0x";
				CLANG_CXX_LIBRARY = "libc++";
				CLANG_ENABLE_MODULES = YES;
				CLANG_ENABLE_OBJC_ARC = YES;
				CLANG_WARN_BOOL_CONVERSION = YES;
				CLANG_WARN_CONSTANT_CONVERSION = YES;
				CLANG_WARN_DIRECT_OBJC_ISA_USAGE = YES_ERROR;
				CLANG_WARN_EMPTY_BODY = YES;
				CLANG_WARN_ENUM_CONVERSION = YES;
				CLANG_WARN_INT_CONVERSION = YES;
				CLANG_WARN_OBJC_ROOT_CLASS = YES_ERROR;
				CLANG_WARN_UNREACHABLE_CODE = YES;
				CLANG_WARN__DUPLICATE_METHOD_MATCH = YES;
				"CODE_SIGN_IDENTITY[sdk=iphoneos*]" = "iPhone Developer";
				COPY_PHASE_STRIP = NO;
				DEBUG_INFORMATION_FORMAT = "dwarf-with-dsym";
				ENABLE_NS_ASSERTIONS = NO;
				ENABLE_STRICT_OBJC_MSGSEND = YES;
				GCC_C_LANGUAGE_STANDARD = gnu99;
				GCC_NO_COMMON_BLOCKS = YES;
				GCC_WARN_64_TO_32_BIT_CONVERSION = YES;
				GCC_WARN_ABOUT_RETURN_TYPE = YES_ERROR;
				GCC_WARN_UNDECLARED_SELECTOR = YES;
				GCC_WARN_UNINITIALIZED_AUTOS = YES_AGGRESSIVE;
				GCC_WARN_UNUSED_FUNCTION = YES;
				GCC_WARN_UNUSED_VARIABLE = YES;
				IPHONEOS_DEPLOYMENT_TARGET = 9.1;
				MTL_ENABLE_DEBUG_INFO = NO;
				SDKROOT = iphoneos;
				VALIDATE_PRODUCT = YES;
			};
			name = Release;
		};
		FC3BBCCD1BED13BC00DD6A44 /* Debug */ = {
			isa = XCBuildConfiguration;
			buildSettings = {
				ASSETCATALOG_COMPILER_APPICON_NAME = AppIcon;
				INFOPLIST_FILE = "retro-space-calculator/Info.plist";
				LD_RUNPATH_SEARCH_PATHS = "$(inherited) @executable_path/Frameworks";
				PRODUCT_BUNDLE_IDENTIFIER = "Gilboy.retro-space-calculator";
				PRODUCT_NAME = "$(TARGET_NAME)";
			};
			name = Debug;
		};
		FC3BBCCE1BED13BC00DD6A44 /* Release */ = {
			isa = XCBuildConfiguration;
			buildSettings = {
				ASSETCATALOG_COMPILER_APPICON_NAME = AppIcon;
				INFOPLIST_FILE = "retro-space-calculator/Info.plist";
				LD_RUNPATH_SEARCH_PATHS = "$(inherited) @executable_path/Frameworks";
				PRODUCT_BUNDLE_IDENTIFIER = "Gilboy.retro-space-calculator";
				PRODUCT_NAME = "$(TARGET_NAME)";
			};
			name = Release;
		};
/* End XCBuildConfiguration section */

/* Begin XCConfigurationList section */
		FC3BBCB51BED13BC00DD6A44 /* Build configuration list for PBXProject "retro-space-calculator" */ = {
			isa = XCConfigurationList;
			buildConfigurations = (
				FC3BBCCA1BED13BC00DD6A44 /* Debug */,
				FC3BBCCB1BED13BC00DD6A44 /* Release */,
			);
			defaultConfigurationIsVisible = 0;
			defaultConfigurationName = Release;
		};
		FC3BBCCC1BED13BC00DD6A44 /* Build configuration list for PBXNativeTarget "retro-space-calculator" */ = {
			isa = XCConfigurationList;
			buildConfigurations = (
				FC3BBCCD1BED13BC00DD6A44 /* Debug */,
				FC3BBCCE1BED13BC00DD6A44 /* Release */,
			);
			defaultConfigurationIsVisible = 0;
			defaultConfigurationName = Release;
		};
/* End XCConfigurationList section */
	};
	rootObject = FC3BBCB21BED13BC00DD6A44 /* Project object */;
}
